// !$*UTF8*$!
{
	archiveVersion = 1;
	classes = {
	};
	objectVersion = 46;
	objects = {

/* Begin PBXBuildFile section */
		14B3227D602A5F93B1809BDB /* Pods_qollieShare.framework in Frameworks */ = {isa = PBXBuildFile; fileRef = 3FBF3BBD03306CA1BAC9ADC4 /* Pods_qollieShare.framework */; };
		9E23BAB21E6357F1006434B1 /* AppDelegate.swift in Sources */ = {isa = PBXBuildFile; fileRef = 9E23BAB11E6357F1006434B1 /* AppDelegate.swift */; };
		9E23BAB41E6357F1006434B1 /* ViewController.swift in Sources */ = {isa = PBXBuildFile; fileRef = 9E23BAB31E6357F1006434B1 /* ViewController.swift */; };
		9E23BAB71E6357F1006434B1 /* Main.storyboard in Resources */ = {isa = PBXBuildFile; fileRef = 9E23BAB51E6357F1006434B1 /* Main.storyboard */; };
		9E23BAB91E6357F1006434B1 /* Assets.xcassets in Resources */ = {isa = PBXBuildFile; fileRef = 9E23BAB81E6357F1006434B1 /* Assets.xcassets */; };
		9E23BABC1E6357F1006434B1 /* LaunchScreen.storyboard in Resources */ = {isa = PBXBuildFile; fileRef = 9E23BABA1E6357F1006434B1 /* LaunchScreen.storyboard */; };
		9E23BACA1E63582D006434B1 /* ShareViewController.swift in Sources */ = {isa = PBXBuildFile; fileRef = 9E23BAC91E63582D006434B1 /* ShareViewController.swift */; };
		9E23BACD1E63582D006434B1 /* MainInterface.storyboard in Resources */ = {isa = PBXBuildFile; fileRef = 9E23BACB1E63582D006434B1 /* MainInterface.storyboard */; };
		9E23BAD11E63582D006434B1 /* qollieShare.appex in Embed App Extensions */ = {isa = PBXBuildFile; fileRef = 9E23BAC71E63582D006434B1 /* qollieShare.appex */; settings = {ATTRIBUTES = (RemoveHeadersOnCopy, ); }; };
		9E812A701E6990E90036F3FE /* lib.h in Headers */ = {isa = PBXBuildFile; fileRef = 9E812A6E1E6990E90036F3FE /* lib.h */; settings = {ATTRIBUTES = (Public, ); }; };
		9E812A731E6990E90036F3FE /* lib.framework in Frameworks */ = {isa = PBXBuildFile; fileRef = 9E812A6C1E6990E90036F3FE /* lib.framework */; };
		9E812A741E6990E90036F3FE /* lib.framework in Embed Frameworks */ = {isa = PBXBuildFile; fileRef = 9E812A6C1E6990E90036F3FE /* lib.framework */; settings = {ATTRIBUTES = (CodeSignOnCopy, RemoveHeadersOnCopy, ); }; };
		9E812A7A1E6991020036F3FE /* Helper.swift in Sources */ = {isa = PBXBuildFile; fileRef = 9E812A791E6991020036F3FE /* Helper.swift */; };
		B0C7435E856E0C147D7AEFDB /* Pods_qollie.framework in Frameworks */ = {isa = PBXBuildFile; fileRef = 4293DD73EE00F4D85BE4FF50 /* Pods_qollie.framework */; };
/* End PBXBuildFile section */

/* Begin PBXContainerItemProxy section */
		9E23BACF1E63582D006434B1 /* PBXContainerItemProxy */ = {
			isa = PBXContainerItemProxy;
			containerPortal = 9E23BAA61E6357F1006434B1 /* Project object */;
			proxyType = 1;
			remoteGlobalIDString = 9E23BAC61E63582D006434B1;
			remoteInfo = qollieShare;
		};
		9E812A711E6990E90036F3FE /* PBXContainerItemProxy */ = {
			isa = PBXContainerItemProxy;
			containerPortal = 9E23BAA61E6357F1006434B1 /* Project object */;
			proxyType = 1;
			remoteGlobalIDString = 9E812A6B1E6990E90036F3FE;
			remoteInfo = lib;
		};
/* End PBXContainerItemProxy section */

/* Begin PBXCopyFilesBuildPhase section */
		9E23BAD51E63582D006434B1 /* Embed App Extensions */ = {
			isa = PBXCopyFilesBuildPhase;
			buildActionMask = 2147483647;
			dstPath = "";
			dstSubfolderSpec = 13;
			files = (
				9E23BAD11E63582D006434B1 /* qollieShare.appex in Embed App Extensions */,
			);
			name = "Embed App Extensions";
			runOnlyForDeploymentPostprocessing = 0;
		};
		9E812A781E6990E90036F3FE /* Embed Frameworks */ = {
			isa = PBXCopyFilesBuildPhase;
			buildActionMask = 2147483647;
			dstPath = "";
			dstSubfolderSpec = 10;
			files = (
				9E812A741E6990E90036F3FE /* lib.framework in Embed Frameworks */,
			);
			name = "Embed Frameworks";
			runOnlyForDeploymentPostprocessing = 0;
		};
/* End PBXCopyFilesBuildPhase section */

/* Begin PBXFileReference section */
		3A86E5C0F2C20AE34F9A55DC /* Pods-qollie.release.xcconfig */ = {isa = PBXFileReference; includeInIndex = 1; lastKnownFileType = text.xcconfig; name = "Pods-qollie.release.xcconfig"; path = "Pods/Target Support Files/Pods-qollie/Pods-qollie.release.xcconfig"; sourceTree = "<group>"; };
		3FBF3BBD03306CA1BAC9ADC4 /* Pods_qollieShare.framework */ = {isa = PBXFileReference; explicitFileType = wrapper.framework; includeInIndex = 0; path = Pods_qollieShare.framework; sourceTree = BUILT_PRODUCTS_DIR; };
		4293DD73EE00F4D85BE4FF50 /* Pods_qollie.framework */ = {isa = PBXFileReference; explicitFileType = wrapper.framework; includeInIndex = 0; path = Pods_qollie.framework; sourceTree = BUILT_PRODUCTS_DIR; };
		667E59CBF94CC72574CDCD68 /* Pods-qollieShare.debug.xcconfig */ = {isa = PBXFileReference; includeInIndex = 1; lastKnownFileType = text.xcconfig; name = "Pods-qollieShare.debug.xcconfig"; path = "Pods/Target Support Files/Pods-qollieShare/Pods-qollieShare.debug.xcconfig"; sourceTree = "<group>"; };
		9E23BAAE1E6357F1006434B1 /* qollie.app */ = {isa = PBXFileReference; explicitFileType = wrapper.application; includeInIndex = 0; path = qollie.app; sourceTree = BUILT_PRODUCTS_DIR; };
		9E23BAB11E6357F1006434B1 /* AppDelegate.swift */ = {isa = PBXFileReference; lastKnownFileType = sourcecode.swift; path = AppDelegate.swift; sourceTree = "<group>"; };
		9E23BAB31E6357F1006434B1 /* ViewController.swift */ = {isa = PBXFileReference; lastKnownFileType = sourcecode.swift; path = ViewController.swift; sourceTree = "<group>"; };
		9E23BAB61E6357F1006434B1 /* Base */ = {isa = PBXFileReference; lastKnownFileType = file.storyboard; name = Base; path = Base.lproj/Main.storyboard; sourceTree = "<group>"; };
		9E23BAB81E6357F1006434B1 /* Assets.xcassets */ = {isa = PBXFileReference; lastKnownFileType = folder.assetcatalog; path = Assets.xcassets; sourceTree = "<group>"; };
		9E23BABB1E6357F1006434B1 /* Base */ = {isa = PBXFileReference; lastKnownFileType = file.storyboard; name = Base; path = Base.lproj/LaunchScreen.storyboard; sourceTree = "<group>"; };
		9E23BABD1E6357F1006434B1 /* Info.plist */ = {isa = PBXFileReference; lastKnownFileType = text.plist.xml; path = Info.plist; sourceTree = "<group>"; };
		9E23BAC71E63582D006434B1 /* qollieShare.appex */ = {isa = PBXFileReference; explicitFileType = "wrapper.app-extension"; includeInIndex = 0; path = qollieShare.appex; sourceTree = BUILT_PRODUCTS_DIR; };
		9E23BAC91E63582D006434B1 /* ShareViewController.swift */ = {isa = PBXFileReference; lastKnownFileType = sourcecode.swift; path = ShareViewController.swift; sourceTree = "<group>"; };
		9E23BACC1E63582D006434B1 /* Base */ = {isa = PBXFileReference; lastKnownFileType = file.storyboard; name = Base; path = Base.lproj/MainInterface.storyboard; sourceTree = "<group>"; };
		9E23BACE1E63582D006434B1 /* Info.plist */ = {isa = PBXFileReference; lastKnownFileType = text.plist.xml; path = Info.plist; sourceTree = "<group>"; };
		9E812A6C1E6990E90036F3FE /* lib.framework */ = {isa = PBXFileReference; explicitFileType = wrapper.framework; includeInIndex = 0; path = lib.framework; sourceTree = BUILT_PRODUCTS_DIR; };
		9E812A6E1E6990E90036F3FE /* lib.h */ = {isa = PBXFileReference; lastKnownFileType = sourcecode.c.h; path = lib.h; sourceTree = "<group>"; };
		9E812A6F1E6990E90036F3FE /* Info.plist */ = {isa = PBXFileReference; lastKnownFileType = text.plist.xml; path = Info.plist; sourceTree = "<group>"; };
		9E812A791E6991020036F3FE /* Helper.swift */ = {isa = PBXFileReference; fileEncoding = 4; lastKnownFileType = sourcecode.swift; path = Helper.swift; sourceTree = "<group>"; };
		C43902D9AF0B5C43693ECB50 /* Pods-qollie.debug.xcconfig */ = {isa = PBXFileReference; includeInIndex = 1; lastKnownFileType = text.xcconfig; name = "Pods-qollie.debug.xcconfig"; path = "Pods/Target Support Files/Pods-qollie/Pods-qollie.debug.xcconfig"; sourceTree = "<group>"; };
		FEEA1DC301118E11E32F097C /* Pods-qollieShare.release.xcconfig */ = {isa = PBXFileReference; includeInIndex = 1; lastKnownFileType = text.xcconfig; name = "Pods-qollieShare.release.xcconfig"; path = "Pods/Target Support Files/Pods-qollieShare/Pods-qollieShare.release.xcconfig"; sourceTree = "<group>"; };
/* End PBXFileReference section */

/* Begin PBXFrameworksBuildPhase section */
		9E23BAAB1E6357F1006434B1 /* Frameworks */ = {
			isa = PBXFrameworksBuildPhase;
			buildActionMask = 2147483647;
			files = (
				9E812A731E6990E90036F3FE /* lib.framework in Frameworks */,
				B0C7435E856E0C147D7AEFDB /* Pods_qollie.framework in Frameworks */,
			);
			runOnlyForDeploymentPostprocessing = 0;
		};
		9E23BAC41E63582D006434B1 /* Frameworks */ = {
			isa = PBXFrameworksBuildPhase;
			buildActionMask = 2147483647;
			files = (
				14B3227D602A5F93B1809BDB /* Pods_qollieShare.framework in Frameworks */,
			);
			runOnlyForDeploymentPostprocessing = 0;
		};
		9E812A681E6990E90036F3FE /* Frameworks */ = {
			isa = PBXFrameworksBuildPhase;
			buildActionMask = 2147483647;
			files = (
			);
			runOnlyForDeploymentPostprocessing = 0;
		};
/* End PBXFrameworksBuildPhase section */

/* Begin PBXGroup section */
		42478A825B453510B0FF55C2 /* Frameworks */ = {
			isa = PBXGroup;
			children = (
				4293DD73EE00F4D85BE4FF50 /* Pods_qollie.framework */,
				3FBF3BBD03306CA1BAC9ADC4 /* Pods_qollieShare.framework */,
			);
			name = Frameworks;
			sourceTree = "<group>";
		};
		97AE6DE5CA5845206E33DE9B /* Pods */ = {
			isa = PBXGroup;
			children = (
				C43902D9AF0B5C43693ECB50 /* Pods-qollie.debug.xcconfig */,
				3A86E5C0F2C20AE34F9A55DC /* Pods-qollie.release.xcconfig */,
				667E59CBF94CC72574CDCD68 /* Pods-qollieShare.debug.xcconfig */,
				FEEA1DC301118E11E32F097C /* Pods-qollieShare.release.xcconfig */,
			);
			name = Pods;
			sourceTree = "<group>";
		};
		9E23BAA51E6357F1006434B1 = {
			isa = PBXGroup;
			children = (
				9E23BAB01E6357F1006434B1 /* qollie */,
				9E23BAC81E63582D006434B1 /* share extension */,
				9E812A6D1E6990E90036F3FE /* lib */,
				9E23BAAF1E6357F1006434B1 /* Products */,
				97AE6DE5CA5845206E33DE9B /* Pods */,
				42478A825B453510B0FF55C2 /* Frameworks */,
			);
			sourceTree = "<group>";
		};
		9E23BAAF1E6357F1006434B1 /* Products */ = {
			isa = PBXGroup;
			children = (
				9E23BAAE1E6357F1006434B1 /* qollie.app */,
				9E23BAC71E63582D006434B1 /* qollieShare.appex */,
				9E812A6C1E6990E90036F3FE /* lib.framework */,
			);
			name = Products;
			sourceTree = "<group>";
		};
		9E23BAB01E6357F1006434B1 /* qollie */ = {
			isa = PBXGroup;
			children = (
				9E23BAB11E6357F1006434B1 /* AppDelegate.swift */,
				9E23BAB31E6357F1006434B1 /* ViewController.swift */,
				9E23BAB51E6357F1006434B1 /* Main.storyboard */,
				9E23BAB81E6357F1006434B1 /* Assets.xcassets */,
				9E23BABA1E6357F1006434B1 /* LaunchScreen.storyboard */,
				9E23BABD1E6357F1006434B1 /* Info.plist */,
			);
			path = qollie;
			sourceTree = "<group>";
		};
		9E23BAC81E63582D006434B1 /* share extension */ = {
			isa = PBXGroup;
			children = (
				9E23BAC91E63582D006434B1 /* ShareViewController.swift */,
				9E23BACB1E63582D006434B1 /* MainInterface.storyboard */,
				9E23BACE1E63582D006434B1 /* Info.plist */,
			);
			name = "share extension";
			path = qollieShare;
			sourceTree = "<group>";
		};
		9E812A6D1E6990E90036F3FE /* lib */ = {
			isa = PBXGroup;
			children = (
				9E812A6E1E6990E90036F3FE /* lib.h */,
				9E812A791E6991020036F3FE /* Helper.swift */,
				9E812A6F1E6990E90036F3FE /* Info.plist */,
			);
			path = lib;
			sourceTree = "<group>";
		};
/* End PBXGroup section */

/* Begin PBXHeadersBuildPhase section */
		9E812A691E6990E90036F3FE /* Headers */ = {
			isa = PBXHeadersBuildPhase;
			buildActionMask = 2147483647;
			files = (
				9E812A701E6990E90036F3FE /* lib.h in Headers */,
			);
			runOnlyForDeploymentPostprocessing = 0;
		};
/* End PBXHeadersBuildPhase section */

/* Begin PBXNativeTarget section */
		9E23BAAD1E6357F1006434B1 /* qollie */ = {
			isa = PBXNativeTarget;
			buildConfigurationList = 9E23BAC01E6357F1006434B1 /* Build configuration list for PBXNativeTarget "qollie" */;
			buildPhases = (
				728E6AB51F9B8672EABDFFD4 /* [CP] Check Pods Manifest.lock */,
				9E23BAAA1E6357F1006434B1 /* Sources */,
				9E23BAAB1E6357F1006434B1 /* Frameworks */,
				9E23BAAC1E6357F1006434B1 /* Resources */,
				9E23BAD51E63582D006434B1 /* Embed App Extensions */,
				9E23BAD71E639957006434B1 /* ShellScript */,
				9E35FE91ABA2953B562FCBAD /* [CP] Embed Pods Frameworks */,
				0EF4699C50C30773196135DE /* [CP] Copy Pods Resources */,
				9E812A781E6990E90036F3FE /* Embed Frameworks */,
			);
			buildRules = (
			);
			dependencies = (
				9E23BAD01E63582D006434B1 /* PBXTargetDependency */,
				9E812A721E6990E90036F3FE /* PBXTargetDependency */,
			);
			name = qollie;
			productName = qollie;
			productReference = 9E23BAAE1E6357F1006434B1 /* qollie.app */;
			productType = "com.apple.product-type.application";
		};
		9E23BAC61E63582D006434B1 /* qollieShare */ = {
			isa = PBXNativeTarget;
			buildConfigurationList = 9E23BAD21E63582D006434B1 /* Build configuration list for PBXNativeTarget "qollieShare" */;
			buildPhases = (
				ADD8F45AB51AD1B5BBC1E289 /* [CP] Check Pods Manifest.lock */,
				9E23BAC31E63582D006434B1 /* Sources */,
				9E23BAC41E63582D006434B1 /* Frameworks */,
				9E23BAC51E63582D006434B1 /* Resources */,
				F203B0F2FC5DBE652DF07A9D /* [CP] Copy Pods Resources */,
				9E812A661E6990CE0036F3FE /* ShellScript */,
			);
			buildRules = (
			);
			dependencies = (
			);
			name = qollieShare;
			productName = qollieShare;
			productReference = 9E23BAC71E63582D006434B1 /* qollieShare.appex */;
			productType = "com.apple.product-type.app-extension";
		};
		9E812A6B1E6990E90036F3FE /* lib */ = {
			isa = PBXNativeTarget;
			buildConfigurationList = 9E812A751E6990E90036F3FE /* Build configuration list for PBXNativeTarget "lib" */;
			buildPhases = (
				9E812A671E6990E90036F3FE /* Sources */,
				9E812A681E6990E90036F3FE /* Frameworks */,
				9E812A691E6990E90036F3FE /* Headers */,
				9E812A6A1E6990E90036F3FE /* Resources */,
			);
			buildRules = (
			);
			dependencies = (
			);
			name = lib;
			productName = lib;
			productReference = 9E812A6C1E6990E90036F3FE /* lib.framework */;
			productType = "com.apple.product-type.framework";
		};
/* End PBXNativeTarget section */

/* Begin PBXProject section */
		9E23BAA61E6357F1006434B1 /* Project object */ = {
			isa = PBXProject;
			attributes = {
				LastSwiftUpdateCheck = 0820;
				LastUpgradeCheck = 0820;
				ORGANIZATIONNAME = lova;
				TargetAttributes = {
					9E23BAAD1E6357F1006434B1 = {
						CreatedOnToolsVersion = 8.2.1;
						DevelopmentTeam = 7T6Y9LETK9;
						ProvisioningStyle = Automatic;
					};
					9E23BAC61E63582D006434B1 = {
						CreatedOnToolsVersion = 8.2.1;
						DevelopmentTeam = 7T6Y9LETK9;
						ProvisioningStyle = Automatic;
					};
					9E812A6B1E6990E90036F3FE = {
						CreatedOnToolsVersion = 8.2.1;
						DevelopmentTeam = 7T6Y9LETK9;
						LastSwiftMigration = 0820;
						ProvisioningStyle = Automatic;
					};
				};
			};
			buildConfigurationList = 9E23BAA91E6357F1006434B1 /* Build configuration list for PBXProject "qollie" */;
			compatibilityVersion = "Xcode 3.2";
			developmentRegion = English;
			hasScannedForEncodings = 0;
			knownRegions = (
				en,
				Base,
			);
			mainGroup = 9E23BAA51E6357F1006434B1;
			productRefGroup = 9E23BAAF1E6357F1006434B1 /* Products */;
			projectDirPath = "";
			projectRoot = "";
			targets = (
				9E23BAAD1E6357F1006434B1 /* qollie */,
				9E23BAC61E63582D006434B1 /* qollieShare */,
				9E812A6B1E6990E90036F3FE /* lib */,
			);
		};
/* End PBXProject section */

/* Begin PBXResourcesBuildPhase section */
		9E23BAAC1E6357F1006434B1 /* Resources */ = {
			isa = PBXResourcesBuildPhase;
			buildActionMask = 2147483647;
			files = (
				9E23BABC1E6357F1006434B1 /* LaunchScreen.storyboard in Resources */,
				9E23BAB91E6357F1006434B1 /* Assets.xcassets in Resources */,
				9E23BAB71E6357F1006434B1 /* Main.storyboard in Resources */,
			);
			runOnlyForDeploymentPostprocessing = 0;
		};
		9E23BAC51E63582D006434B1 /* Resources */ = {
			isa = PBXResourcesBuildPhase;
			buildActionMask = 2147483647;
			files = (
				9E23BACD1E63582D006434B1 /* MainInterface.storyboard in Resources */,
			);
			runOnlyForDeploymentPostprocessing = 0;
		};
		9E812A6A1E6990E90036F3FE /* Resources */ = {
			isa = PBXResourcesBuildPhase;
			buildActionMask = 2147483647;
			files = (
			);
			runOnlyForDeploymentPostprocessing = 0;
		};
/* End PBXResourcesBuildPhase section */

/* Begin PBXShellScriptBuildPhase section */
		0EF4699C50C30773196135DE /* [CP] Copy Pods Resources */ = {
			isa = PBXShellScriptBuildPhase;
			buildActionMask = 2147483647;
			files = (
			);
			inputPaths = (
			);
			name = "[CP] Copy Pods Resources";
			outputPaths = (
			);
			runOnlyForDeploymentPostprocessing = 0;
			shellPath = /bin/sh;
			shellScript = "\"${SRCROOT}/Pods/Target Support Files/Pods-qollie/Pods-qollie-resources.sh\"\n";
			showEnvVarsInLog = 0;
		};
		728E6AB51F9B8672EABDFFD4 /* [CP] Check Pods Manifest.lock */ = {
			isa = PBXShellScriptBuildPhase;
			buildActionMask = 2147483647;
			files = (
			);
			inputPaths = (
			);
			name = "[CP] Check Pods Manifest.lock";
			outputPaths = (
			);
			runOnlyForDeploymentPostprocessing = 0;
			shellPath = /bin/sh;
			shellScript = "diff \"${PODS_ROOT}/../Podfile.lock\" \"${PODS_ROOT}/Manifest.lock\" > /dev/null\nif [ $? != 0 ] ; then\n    # print error to STDERR\n    echo \"error: The sandbox is not in sync with the Podfile.lock. Run 'pod install' or update your CocoaPods installation.\" >&2\n    exit 1\nfi\n";
			showEnvVarsInLog = 0;
		};
		9E23BAD71E639957006434B1 /* ShellScript */ = {
			isa = PBXShellScriptBuildPhase;
			buildActionMask = 2147483647;
			files = (
			);
			inputPaths = (
			);
			outputPaths = (
			);
			runOnlyForDeploymentPostprocessing = 0;
			shellPath = /bin/sh;
			shellScript = "\"${PODS_ROOT}/Fabric/run\" ae32a781ec002f65fd6900f49c380cfbd17c7b86 09bcff82aded0899fc4aa8ed539984fd3275dc66aa2bbb4e306718c01aba3668";
		};
		9E35FE91ABA2953B562FCBAD /* [CP] Embed Pods Frameworks */ = {
			isa = PBXShellScriptBuildPhase;
			buildActionMask = 2147483647;
			files = (
			);
			inputPaths = (
			);
			name = "[CP] Embed Pods Frameworks";
			outputPaths = (
			);
			runOnlyForDeploymentPostprocessing = 0;
			shellPath = /bin/sh;
			shellScript = "\"${SRCROOT}/Pods/Target Support Files/Pods-qollie/Pods-qollie-frameworks.sh\"\n";
			showEnvVarsInLog = 0;
		};
		9E812A661E6990CE0036F3FE /* ShellScript */ = {
			isa = PBXShellScriptBuildPhase;
			buildActionMask = 2147483647;
			files = (
			);
			inputPaths = (
			);
			outputPaths = (
			);
			runOnlyForDeploymentPostprocessing = 0;
			shellPath = /bin/sh;
			shellScript = "\"${PODS_ROOT}/Fabric/run\" ae32a781ec002f65fd6900f49c380cfbd17c7b86 09bcff82aded0899fc4aa8ed539984fd3275dc66aa2bbb4e306718c01aba3668";
		};
		ADD8F45AB51AD1B5BBC1E289 /* [CP] Check Pods Manifest.lock */ = {
			isa = PBXShellScriptBuildPhase;
			buildActionMask = 2147483647;
			files = (
			);
			inputPaths = (
			);
			name = "[CP] Check Pods Manifest.lock";
			outputPaths = (
			);
			runOnlyForDeploymentPostprocessing = 0;
			shellPath = /bin/sh;
			shellScript = "diff \"${PODS_ROOT}/../Podfile.lock\" \"${PODS_ROOT}/Manifest.lock\" > /dev/null\nif [ $? != 0 ] ; then\n    # print error to STDERR\n    echo \"error: The sandbox is not in sync with the Podfile.lock. Run 'pod install' or update your CocoaPods installation.\" >&2\n    exit 1\nfi\n";
			showEnvVarsInLog = 0;
		};
		F203B0F2FC5DBE652DF07A9D /* [CP] Copy Pods Resources */ = {
			isa = PBXShellScriptBuildPhase;
			buildActionMask = 2147483647;
			files = (
			);
			inputPaths = (
			);
			name = "[CP] Copy Pods Resources";
			outputPaths = (
			);
			runOnlyForDeploymentPostprocessing = 0;
			shellPath = /bin/sh;
			shellScript = "\"${SRCROOT}/Pods/Target Support Files/Pods-qollieShare/Pods-qollieShare-resources.sh\"\n";
			showEnvVarsInLog = 0;
		};
/* End PBXShellScriptBuildPhase section */

/* Begin PBXSourcesBuildPhase section */
		9E23BAAA1E6357F1006434B1 /* Sources */ = {
			isa = PBXSourcesBuildPhase;
			buildActionMask = 2147483647;
			files = (
				9E23BAB41E6357F1006434B1 /* ViewController.swift in Sources */,
				9E23BAB21E6357F1006434B1 /* AppDelegate.swift in Sources */,
			);
			runOnlyForDeploymentPostprocessing = 0;
		};
		9E23BAC31E63582D006434B1 /* Sources */ = {
			isa = PBXSourcesBuildPhase;
			buildActionMask = 2147483647;
			files = (
				9E23BACA1E63582D006434B1 /* ShareViewController.swift in Sources */,
			);
			runOnlyForDeploymentPostprocessing = 0;
		};
		9E812A671E6990E90036F3FE /* Sources */ = {
			isa = PBXSourcesBuildPhase;
			buildActionMask = 2147483647;
			files = (
				9E812A7A1E6991020036F3FE /* Helper.swift in Sources */,
			);
			runOnlyForDeploymentPostprocessing = 0;
		};
/* End PBXSourcesBuildPhase section */

/* Begin PBXTargetDependency section */
		9E23BAD01E63582D006434B1 /* PBXTargetDependency */ = {
			isa = PBXTargetDependency;
			target = 9E23BAC61E63582D006434B1 /* qollieShare */;
			targetProxy = 9E23BACF1E63582D006434B1 /* PBXContainerItemProxy */;
		};
		9E812A721E6990E90036F3FE /* PBXTargetDependency */ = {
			isa = PBXTargetDependency;
			target = 9E812A6B1E6990E90036F3FE /* lib */;
			targetProxy = 9E812A711E6990E90036F3FE /* PBXContainerItemProxy */;
		};
/* End PBXTargetDependency section */

/* Begin PBXVariantGroup section */
		9E23BAB51E6357F1006434B1 /* Main.storyboard */ = {
			isa = PBXVariantGroup;
			children = (
				9E23BAB61E6357F1006434B1 /* Base */,
			);
			name = Main.storyboard;
			sourceTree = "<group>";
		};
		9E23BABA1E6357F1006434B1 /* LaunchScreen.storyboard */ = {
			isa = PBXVariantGroup;
			children = (
				9E23BABB1E6357F1006434B1 /* Base */,
			);
			name = LaunchScreen.storyboard;
			sourceTree = "<group>";
		};
		9E23BACB1E63582D006434B1 /* MainInterface.storyboard */ = {
			isa = PBXVariantGroup;
			children = (
				9E23BACC1E63582D006434B1 /* Base */,
			);
			name = MainInterface.storyboard;
			sourceTree = "<group>";
		};
/* End PBXVariantGroup section */

/* Begin XCBuildConfiguration section */
		9E23BABE1E6357F1006434B1 /* Debug */ = {
			isa = XCBuildConfiguration;
			buildSettings = {
				ALWAYS_SEARCH_USER_PATHS = NO;
				CLANG_ANALYZER_NONNULL = YES;
				CLANG_CXX_LANGUAGE_STANDARD = "gnu++0x";
				CLANG_CXX_LIBRARY = "libc++";
				CLANG_ENABLE_MODULES = YES;
				CLANG_ENABLE_OBJC_ARC = YES;
				CLANG_WARN_BOOL_CONVERSION = YES;
				CLANG_WARN_CONSTANT_CONVERSION = YES;
				CLANG_WARN_DIRECT_OBJC_ISA_USAGE = YES_ERROR;
				CLANG_WARN_DOCUMENTATION_COMMENTS = YES;
				CLANG_WARN_EMPTY_BODY = YES;
				CLANG_WARN_ENUM_CONVERSION = YES;
				CLANG_WARN_INFINITE_RECURSION = YES;
				CLANG_WARN_INT_CONVERSION = YES;
				CLANG_WARN_OBJC_ROOT_CLASS = YES_ERROR;
				CLANG_WARN_SUSPICIOUS_MOVE = YES;
				CLANG_WARN_UNREACHABLE_CODE = YES;
				CLANG_WARN__DUPLICATE_METHOD_MATCH = YES;
				"CODE_SIGN_IDENTITY[sdk=iphoneos*]" = "iPhone Developer";
				COPY_PHASE_STRIP = NO;
				DEBUG_INFORMATION_FORMAT = dwarf;
				ENABLE_STRICT_OBJC_MSGSEND = YES;
				ENABLE_TESTABILITY = YES;
				GCC_C_LANGUAGE_STANDARD = gnu99;
				GCC_DYNAMIC_NO_PIC = NO;
				GCC_NO_COMMON_BLOCKS = YES;
				GCC_OPTIMIZATION_LEVEL = 0;
				GCC_PREPROCESSOR_DEFINITIONS = (
					"DEBUG=1",
					"$(inherited)",
				);
				GCC_WARN_64_TO_32_BIT_CONVERSION = YES;
				GCC_WARN_ABOUT_RETURN_TYPE = YES_ERROR;
				GCC_WARN_UNDECLARED_SELECTOR = YES;
				GCC_WARN_UNINITIALIZED_AUTOS = YES_AGGRESSIVE;
				GCC_WARN_UNUSED_FUNCTION = YES;
				GCC_WARN_UNUSED_VARIABLE = YES;
				IPHONEOS_DEPLOYMENT_TARGET = 10.2;
				MTL_ENABLE_DEBUG_INFO = YES;
				ONLY_ACTIVE_ARCH = YES;
				SDKROOT = iphoneos;
				SWIFT_ACTIVE_COMPILATION_CONDITIONS = DEBUG;
				SWIFT_OPTIMIZATION_LEVEL = "-Onone";
				TARGETED_DEVICE_FAMILY = "1,2";
			};
			name = Debug;
		};
		9E23BABF1E6357F1006434B1 /* Release */ = {
			isa = XCBuildConfiguration;
			buildSettings = {
				ALWAYS_SEARCH_USER_PATHS = NO;
				CLANG_ANALYZER_NONNULL = YES;
				CLANG_CXX_LANGUAGE_STANDARD = "gnu++0x";
				CLANG_CXX_LIBRARY = "libc++";
				CLANG_ENABLE_MODULES = YES;
				CLANG_ENABLE_OBJC_ARC = YES;
				CLANG_WARN_BOOL_CONVERSION = YES;
				CLANG_WARN_CONSTANT_CONVERSION = YES;
				CLANG_WARN_DIRECT_OBJC_ISA_USAGE = YES_ERROR;
				CLANG_WARN_DOCUMENTATION_COMMENTS = YES;
				CLANG_WARN_EMPTY_BODY = YES;
				CLANG_WARN_ENUM_CONVERSION = YES;
				CLANG_WARN_INFINITE_RECURSION = YES;
				CLANG_WARN_INT_CONVERSION = YES;
				CLANG_WARN_OBJC_ROOT_CLASS = YES_ERROR;
				CLANG_WARN_SUSPICIOUS_MOVE = YES;
				CLANG_WARN_UNREACHABLE_CODE = YES;
				CLANG_WARN__DUPLICATE_METHOD_MATCH = YES;
				"CODE_SIGN_IDENTITY[sdk=iphoneos*]" = "iPhone Developer";
				COPY_PHASE_STRIP = NO;
				DEBUG_INFORMATION_FORMAT = "dwarf-with-dsym";
				ENABLE_NS_ASSERTIONS = NO;
				ENABLE_STRICT_OBJC_MSGSEND = YES;
				GCC_C_LANGUAGE_STANDARD = gnu99;
				GCC_NO_COMMON_BLOCKS = YES;
				GCC_WARN_64_TO_32_BIT_CONVERSION = YES;
				GCC_WARN_ABOUT_RETURN_TYPE = YES_ERROR;
				GCC_WARN_UNDECLARED_SELECTOR = YES;
				GCC_WARN_UNINITIALIZED_AUTOS = YES_AGGRESSIVE;
				GCC_WARN_UNUSED_FUNCTION = YES;
				GCC_WARN_UNUSED_VARIABLE = YES;
				IPHONEOS_DEPLOYMENT_TARGET = 10.2;
				MTL_ENABLE_DEBUG_INFO = NO;
				SDKROOT = iphoneos;
				SWIFT_OPTIMIZATION_LEVEL = "-Owholemodule";
				TARGETED_DEVICE_FAMILY = "1,2";
				VALIDATE_PRODUCT = YES;
			};
			name = Release;
		};
		9E23BAC11E6357F1006434B1 /* Debug */ = {
			isa = XCBuildConfiguration;
			baseConfigurationReference = C43902D9AF0B5C43693ECB50 /* Pods-qollie.debug.xcconfig */;
			buildSettings = {
				ALWAYS_EMBED_SWIFT_STANDARD_LIBRARIES = YES;
				ASSETCATALOG_COMPILER_APPICON_NAME = AppIcon;
				CURRENT_PROJECT_VERSION = 2;
				DEVELOPMENT_TEAM = 7T6Y9LETK9;
				INFOPLIST_FILE = qollie/Info.plist;
				IPHONEOS_DEPLOYMENT_TARGET = 10.0;
				LD_RUNPATH_SEARCH_PATHS = "$(inherited) @executable_path/Frameworks";
				PRODUCT_BUNDLE_IDENTIFIER = com.lova.qollie;
				PRODUCT_NAME = "$(TARGET_NAME)";
				SWIFT_VERSION = 3.0;
				VERSIONING_SYSTEM = "apple-generic";
			};
			name = Debug;
		};
		9E23BAC21E6357F1006434B1 /* Release */ = {
			isa = XCBuildConfiguration;
			baseConfigurationReference = 3A86E5C0F2C20AE34F9A55DC /* Pods-qollie.release.xcconfig */;
			buildSettings = {
				ALWAYS_EMBED_SWIFT_STANDARD_LIBRARIES = YES;
				ASSETCATALOG_COMPILER_APPICON_NAME = AppIcon;
				CURRENT_PROJECT_VERSION = 2;
				DEVELOPMENT_TEAM = 7T6Y9LETK9;
				INFOPLIST_FILE = qollie/Info.plist;
				IPHONEOS_DEPLOYMENT_TARGET = 10.0;
				LD_RUNPATH_SEARCH_PATHS = "$(inherited) @executable_path/Frameworks";
				PRODUCT_BUNDLE_IDENTIFIER = com.lova.qollie;
				PRODUCT_NAME = "$(TARGET_NAME)";
				SWIFT_VERSION = 3.0;
				VERSIONING_SYSTEM = "apple-generic";
			};
			name = Release;
		};
		9E23BAD31E63582D006434B1 /* Debug */ = {
			isa = XCBuildConfiguration;
			baseConfigurationReference = 667E59CBF94CC72574CDCD68 /* Pods-qollieShare.debug.xcconfig */;
			buildSettings = {
				CURRENT_PROJECT_VERSION = 2;
				DEVELOPMENT_TEAM = 7T6Y9LETK9;
				INFOPLIST_FILE = qollieShare/Info.plist;
				IPHONEOS_DEPLOYMENT_TARGET = 10.0;
				LD_RUNPATH_SEARCH_PATHS = "$(inherited) @executable_path/Frameworks @executable_path/../../Frameworks";
				PRODUCT_BUNDLE_IDENTIFIER = com.lova.qollie.qollieShare;
				PRODUCT_NAME = "$(TARGET_NAME)";
				SKIP_INSTALL = YES;
				SWIFT_VERSION = 3.0;
				VERSIONING_SYSTEM = "apple-generic";
			};
			name = Debug;
		};
		9E23BAD41E63582D006434B1 /* Release */ = {
			isa = XCBuildConfiguration;
			baseConfigurationReference = FEEA1DC301118E11E32F097C /* Pods-qollieShare.release.xcconfig */;
			buildSettings = {
				CURRENT_PROJECT_VERSION = 2;
				DEVELOPMENT_TEAM = 7T6Y9LETK9;
				INFOPLIST_FILE = qollieShare/Info.plist;
				IPHONEOS_DEPLOYMENT_TARGET = 10.0;
				LD_RUNPATH_SEARCH_PATHS = "$(inherited) @executable_path/Frameworks @executable_path/../../Frameworks";
				PRODUCT_BUNDLE_IDENTIFIER = com.lova.qollie.qollieShare;
				PRODUCT_NAME = "$(TARGET_NAME)";
				SKIP_INSTALL = YES;
				SWIFT_VERSION = 3.0;
				VERSIONING_SYSTEM = "apple-generic";
			};
			name = Release;
		};
		9E812A761E6990E90036F3FE /* Debug */ = {
			isa = XCBuildConfiguration;
			buildSettings = {
				CLANG_ENABLE_MODULES = YES;
				CODE_SIGN_IDENTITY = "";
				CURRENT_PROJECT_VERSION = 1;
				DEFINES_MODULE = YES;
				DEVELOPMENT_TEAM = 7T6Y9LETK9;
				DYLIB_COMPATIBILITY_VERSION = 1;
				DYLIB_CURRENT_VERSION = 1;
				DYLIB_INSTALL_NAME_BASE = "@rpath";
				INFOPLIST_FILE = lib/Info.plist;
				INSTALL_PATH = "$(LOCAL_LIBRARY_DIR)/Frameworks";
				IPHONEOS_DEPLOYMENT_TARGET = 10.0;
				LD_RUNPATH_SEARCH_PATHS = "$(inherited) @executable_path/Frameworks @loader_path/Frameworks";
				PRODUCT_BUNDLE_IDENTIFIER = com.lova.lib;
				PRODUCT_NAME = "$(TARGET_NAME)";
				SKIP_INSTALL = YES;
				SWIFT_OPTIMIZATION_LEVEL = "-Onone";
				SWIFT_VERSION = 3.0;
				VERSIONING_SYSTEM = "apple-generic";
				VERSION_INFO_PREFIX = "";
			};
			name = Debug;
		};
		9E812A771E6990E90036F3FE /* Release */ = {
			isa = XCBuildConfiguration;
			buildSettings = {
				CLANG_ENABLE_MODULES = YES;
				CODE_SIGN_IDENTITY = "";
				CURRENT_PROJECT_VERSION = 1;
				DEFINES_MODULE = YES;
				DEVELOPMENT_TEAM = 7T6Y9LETK9;
				DYLIB_COMPATIBILITY_VERSION = 1;
				DYLIB_CURRENT_VERSION = 1;
				DYLIB_INSTALL_NAME_BASE = "@rpath";
				INFOPLIST_FILE = lib/Info.plist;
				INSTALL_PATH = "$(LOCAL_LIBRARY_DIR)/Frameworks";
				IPHONEOS_DEPLOYMENT_TARGET = 10.0;
				LD_RUNPATH_SEARCH_PATHS = "$(inherited) @executable_path/Frameworks @loader_path/Frameworks";
				PRODUCT_BUNDLE_IDENTIFIER = com.lova.lib;
				PRODUCT_NAME = "$(TARGET_NAME)";
				SKIP_INSTALL = YES;
				SWIFT_VERSION = 3.0;
				VERSIONING_SYSTEM = "apple-generic";
				VERSION_INFO_PREFIX = "";
			};
			name = Release;
		};
/* End XCBuildConfiguration section */

/* Begin XCConfigurationList section */
		9E23BAA91E6357F1006434B1 /* Build configuration list for PBXProject "qollie" */ = {
			isa = XCConfigurationList;
			buildConfigurations = (
				9E23BABE1E6357F1006434B1 /* Debug */,
				9E23BABF1E6357F1006434B1 /* Release */,
			);
			defaultConfigurationIsVisible = 0;
			defaultConfigurationName = Release;
		};
		9E23BAC01E6357F1006434B1 /* Build configuration list for PBXNativeTarget "qollie" */ = {
			isa = XCConfigurationList;
			buildConfigurations = (
				9E23BAC11E6357F1006434B1 /* Debug */,
				9E23BAC21E6357F1006434B1 /* Release */,
			);
			defaultConfigurationIsVisible = 0;
			defaultConfigurationName = Release;
		};
		9E23BAD21E63582D006434B1 /* Build configuration list for PBXNativeTarget "qollieShare" */ = {
			isa = XCConfigurationList;
			buildConfigurations = (
				9E23BAD31E63582D006434B1 /* Debug */,
				9E23BAD41E63582D006434B1 /* Release */,
			);
			defaultConfigurationIsVisible = 0;
			defaultConfigurationName = Release;
		};
		9E812A751E6990E90036F3FE /* Build configuration list for PBXNativeTarget "lib" */ = {
			isa = XCConfigurationList;
			buildConfigurations = (
				9E812A761E6990E90036F3FE /* Debug */,
				9E812A771E6990E90036F3FE /* Release */,
			);
			defaultConfigurationIsVisible = 0;
		};
/* End XCConfigurationList section */
	};
	rootObject = 9E23BAA61E6357F1006434B1 /* Project object */;
}
